// !$*UTF8*$!
{
	archiveVersion = 1;
	classes = {
	};
	objectVersion = 51;
	objects = {

/* Begin PBXBuildFile section */
		5C06E5CF25D1FED400E6770F /* Facefy.swift in Sources */ = {isa = PBXBuildFile; fileRef = 5C06E5CE25D1FED400E6770F /* Facefy.swift */; };
		5C0C64392542108B00EDF95B /* logo_cyberlabs.png in Resources */ = {isa = PBXBuildFile; fileRef = 5C0C64382542108B00EDF95B /* logo_cyberlabs.png */; };
		5C5056FF260BA65A00286F91 /* YoonitFacefy.h in Headers */ = {isa = PBXBuildFile; fileRef = 5CB4F8EE25CC7DDC001D3606 /* YoonitFacefy.h */; settings = {ATTRIBUTES = (Public, ); }; };
		5C65787E25D32FB2001171F8 /* libGoogleDataTransport.a in Frameworks */ = {isa = PBXBuildFile; fileRef = 5C65787D25D32FB2001171F8 /* libGoogleDataTransport.a */; };
		5C65788025D32FB2001171F8 /* libGoogleToolboxForMac.a in Frameworks */ = {isa = PBXBuildFile; fileRef = 5C65787F25D32FB2001171F8 /* libGoogleToolboxForMac.a */; };
		5C65788225D32FB2001171F8 /* libGoogleUtilities.a in Frameworks */ = {isa = PBXBuildFile; fileRef = 5C65788125D32FB2001171F8 /* libGoogleUtilities.a */; };
		5C65788425D32FB2001171F8 /* libGoogleUtilitiesComponents.a in Frameworks */ = {isa = PBXBuildFile; fileRef = 5C65788325D32FB2001171F8 /* libGoogleUtilitiesComponents.a */; };
		5C65788625D32FB2001171F8 /* libGTMSessionFetcher.a in Frameworks */ = {isa = PBXBuildFile; fileRef = 5C65788525D32FB2001171F8 /* libGTMSessionFetcher.a */; };
		5C65788825D32FB2001171F8 /* libnanopb.a in Frameworks */ = {isa = PBXBuildFile; fileRef = 5C65788725D32FB2001171F8 /* libnanopb.a */; };
		5C65788C25D32FB2001171F8 /* libPromisesObjC.a in Frameworks */ = {isa = PBXBuildFile; fileRef = 5C65788B25D32FB2001171F8 /* libPromisesObjC.a */; };
		5C65788E25D32FB2001171F8 /* libProtobuf.a in Frameworks */ = {isa = PBXBuildFile; fileRef = 5C65788D25D32FB2001171F8 /* libProtobuf.a */; };
		5C687D3C272DDD540028D053 /* sponsor_cyberlabs.png in Resources */ = {isa = PBXBuildFile; fileRef = 5C687D3B272DDD540028D053 /* sponsor_cyberlabs.png */; };
		5C77937525EEABDF00CDE6E9 /* facefy.gif in Resources */ = {isa = PBXBuildFile; fileRef = 5C77937425EEABDF00CDE6E9 /* facefy.gif */; };
		5CB4F8F625CC7E63001D3606 /* FacefyController.swift in Sources */ = {isa = PBXBuildFile; fileRef = 5CB4F8F525CC7E63001D3606 /* FacefyController.swift */; };
		5CD73DD625E5795A00DF4C6F /* FaceDetected.swift in Sources */ = {isa = PBXBuildFile; fileRef = 5CD73DD525E5795A00DF4C6F /* FaceDetected.swift */; };
		6176EF20252CFA4300F4D4DD /* YoonitFacefy.podspec in Resources */ = {isa = PBXBuildFile; fileRef = 6176EF1F252CFA4300F4D4DD /* YoonitFacefy.podspec */; };
		6176EF23252CFC9500F4D4DD /* LICENSE in Resources */ = {isa = PBXBuildFile; fileRef = 6176EF22252CFC9500F4D4DD /* LICENSE */; };
		6176EF26252CFEE000F4D4DD /* README.md in Resources */ = {isa = PBXBuildFile; fileRef = 6176EF25252CFEE000F4D4DD /* README.md */; };
		6176EFA8252E476000F4D4DD /* Example in Resources */ = {isa = PBXBuildFile; fileRef = 6176EFA7252E476000F4D4DD /* Example */; };
		D1F8325C509E62219366FDAB /* Pods_YoonitFacefy.framework in Frameworks */ = {isa = PBXBuildFile; fileRef = F3337488FA2771304B32243A /* Pods_YoonitFacefy.framework */; };
/* End PBXBuildFile section */

/* Begin PBXFileReference section */
		5C06E5CE25D1FED400E6770F /* Facefy.swift */ = {isa = PBXFileReference; lastKnownFileType = sourcecode.swift; path = Facefy.swift; sourceTree = "<group>"; };
		5C0C64382542108B00EDF95B /* logo_cyberlabs.png */ = {isa = PBXFileReference; lastKnownFileType = image.png; path = logo_cyberlabs.png; sourceTree = "<group>"; };
		5C65787D25D32FB2001171F8 /* libGoogleDataTransport.a */ = {isa = PBXFileReference; explicitFileType = archive.ar; path = libGoogleDataTransport.a; sourceTree = BUILT_PRODUCTS_DIR; };
		5C65787F25D32FB2001171F8 /* libGoogleToolboxForMac.a */ = {isa = PBXFileReference; explicitFileType = archive.ar; path = libGoogleToolboxForMac.a; sourceTree = BUILT_PRODUCTS_DIR; };
		5C65788125D32FB2001171F8 /* libGoogleUtilities.a */ = {isa = PBXFileReference; explicitFileType = archive.ar; path = libGoogleUtilities.a; sourceTree = BUILT_PRODUCTS_DIR; };
		5C65788325D32FB2001171F8 /* libGoogleUtilitiesComponents.a */ = {isa = PBXFileReference; explicitFileType = archive.ar; path = libGoogleUtilitiesComponents.a; sourceTree = BUILT_PRODUCTS_DIR; };
		5C65788525D32FB2001171F8 /* libGTMSessionFetcher.a */ = {isa = PBXFileReference; explicitFileType = archive.ar; path = libGTMSessionFetcher.a; sourceTree = BUILT_PRODUCTS_DIR; };
		5C65788725D32FB2001171F8 /* libnanopb.a */ = {isa = PBXFileReference; explicitFileType = archive.ar; path = libnanopb.a; sourceTree = BUILT_PRODUCTS_DIR; };
		5C65788B25D32FB2001171F8 /* libPromisesObjC.a */ = {isa = PBXFileReference; explicitFileType = archive.ar; path = libPromisesObjC.a; sourceTree = BUILT_PRODUCTS_DIR; };
		5C65788D25D32FB2001171F8 /* libProtobuf.a */ = {isa = PBXFileReference; explicitFileType = archive.ar; path = libProtobuf.a; sourceTree = BUILT_PRODUCTS_DIR; };
		5C687D3B272DDD540028D053 /* sponsor_cyberlabs.png */ = {isa = PBXFileReference; lastKnownFileType = image.png; path = sponsor_cyberlabs.png; sourceTree = "<group>"; };
		5C77937425EEABDF00CDE6E9 /* facefy.gif */ = {isa = PBXFileReference; lastKnownFileType = image.gif; path = facefy.gif; sourceTree = "<group>"; };
		5CB4F8EE25CC7DDC001D3606 /* YoonitFacefy.h */ = {isa = PBXFileReference; lastKnownFileType = sourcecode.c.h; path = YoonitFacefy.h; sourceTree = "<group>"; };
		5CB4F8F525CC7E63001D3606 /* FacefyController.swift */ = {isa = PBXFileReference; lastKnownFileType = sourcecode.swift; path = FacefyController.swift; sourceTree = "<group>"; };
		5CD73DD525E5795A00DF4C6F /* FaceDetected.swift */ = {isa = PBXFileReference; lastKnownFileType = sourcecode.swift; path = FaceDetected.swift; sourceTree = "<group>"; };
		6176EEF6252CF9D200F4D4DD /* YoonitFacefy.framework */ = {isa = PBXFileReference; explicitFileType = wrapper.framework; includeInIndex = 0; path = YoonitFacefy.framework; sourceTree = BUILT_PRODUCTS_DIR; };
		6176EEFA252CF9D200F4D4DD /* Info.plist */ = {isa = PBXFileReference; lastKnownFileType = text.plist.xml; path = Info.plist; sourceTree = "<group>"; };
		6176EF1F252CFA4300F4D4DD /* YoonitFacefy.podspec */ = {isa = PBXFileReference; fileEncoding = 4; lastKnownFileType = text; path = YoonitFacefy.podspec; sourceTree = "<group>"; xcLanguageSpecificationIdentifier = xcode.lang.ruby; };
		6176EF22252CFC9500F4D4DD /* LICENSE */ = {isa = PBXFileReference; lastKnownFileType = text; path = LICENSE; sourceTree = "<group>"; };
		6176EF25252CFEE000F4D4DD /* README.md */ = {isa = PBXFileReference; fileEncoding = 4; lastKnownFileType = net.daringfireball.markdown; path = README.md; sourceTree = "<group>"; };
		6176EFA7252E476000F4D4DD /* Example */ = {isa = PBXFileReference; lastKnownFileType = folder; path = Example; sourceTree = "<group>"; };
		A37FE8A3AEA0D01515F88079 /* Pods-YoonitFacefy.release.xcconfig */ = {isa = PBXFileReference; includeInIndex = 1; lastKnownFileType = text.xcconfig; name = "Pods-YoonitFacefy.release.xcconfig"; path = "Target Support Files/Pods-YoonitFacefy/Pods-YoonitFacefy.release.xcconfig"; sourceTree = "<group>"; };
		BB8E59F606D4BD547CE4D6AF /* Pods-YoonitFacefy.debug.xcconfig */ = {isa = PBXFileReference; includeInIndex = 1; lastKnownFileType = text.xcconfig; name = "Pods-YoonitFacefy.debug.xcconfig"; path = "Target Support Files/Pods-YoonitFacefy/Pods-YoonitFacefy.debug.xcconfig"; sourceTree = "<group>"; };
		F3337488FA2771304B32243A /* Pods_YoonitFacefy.framework */ = {isa = PBXFileReference; explicitFileType = wrapper.framework; includeInIndex = 0; path = Pods_YoonitFacefy.framework; sourceTree = BUILT_PRODUCTS_DIR; };
/* End PBXFileReference section */

/* Begin PBXFrameworksBuildPhase section */
		6176EEF3252CF9D200F4D4DD /* Frameworks */ = {
			isa = PBXFrameworksBuildPhase;
			buildActionMask = 2147483647;
			files = (
				5C65787E25D32FB2001171F8 /* libGoogleDataTransport.a in Frameworks */,
				5C65788025D32FB2001171F8 /* libGoogleToolboxForMac.a in Frameworks */,
				5C65788225D32FB2001171F8 /* libGoogleUtilities.a in Frameworks */,
				5C65788425D32FB2001171F8 /* libGoogleUtilitiesComponents.a in Frameworks */,
				5C65788625D32FB2001171F8 /* libGTMSessionFetcher.a in Frameworks */,
				5C65788825D32FB2001171F8 /* libnanopb.a in Frameworks */,
				5C65788C25D32FB2001171F8 /* libPromisesObjC.a in Frameworks */,
				5C65788E25D32FB2001171F8 /* libProtobuf.a in Frameworks */,
				D1F8325C509E62219366FDAB /* Pods_YoonitFacefy.framework in Frameworks */,
			);
			runOnlyForDeploymentPostprocessing = 0;
		};
/* End PBXFrameworksBuildPhase section */

/* Begin PBXGroup section */
		5C0C6435254208E400EDF95B /* src */ = {
			isa = PBXGroup;
			children = (
				5CB4F8F525CC7E63001D3606 /* FacefyController.swift */,
				5C06E5CE25D1FED400E6770F /* Facefy.swift */,
				5CD73DD525E5795A00DF4C6F /* FaceDetected.swift */,
			);
			path = src;
			sourceTree = "<group>";
		};
		6176EEEC252CF9D200F4D4DD = {
			isa = PBXGroup;
			children = (
				6176EFA7252E476000F4D4DD /* Example */,
				5C0C64382542108B00EDF95B /* logo_cyberlabs.png */,
				5C77937425EEABDF00CDE6E9 /* facefy.gif */,
				6176EF25252CFEE000F4D4DD /* README.md */,
				5C687D3B272DDD540028D053 /* sponsor_cyberlabs.png */,
				6176EF22252CFC9500F4D4DD /* LICENSE */,
				6176EF1F252CFA4300F4D4DD /* YoonitFacefy.podspec */,
				6176EEFA252CF9D200F4D4DD /* Info.plist */,
				6176EEF8252CF9D200F4D4DD /* YoonitFacefy */,
				6176EEF7252CF9D200F4D4DD /* Products */,
				85073D94B694632C1A966E28 /* Pods */,
				A98BB533F39550100000CDED /* Frameworks */,
			);
			sourceTree = "<group>";
		};
		6176EEF7252CF9D200F4D4DD /* Products */ = {
			isa = PBXGroup;
			children = (
				6176EEF6252CF9D200F4D4DD /* YoonitFacefy.framework */,
			);
			name = Products;
			sourceTree = "<group>";
		};
		6176EEF8252CF9D200F4D4DD /* YoonitFacefy */ = {
			isa = PBXGroup;
			children = (
				5C0C6435254208E400EDF95B /* src */,
				5CB4F8EE25CC7DDC001D3606 /* YoonitFacefy.h */,
			);
			path = YoonitFacefy;
			sourceTree = "<group>";
		};
		85073D94B694632C1A966E28 /* Pods */ = {
			isa = PBXGroup;
			children = (
				BB8E59F606D4BD547CE4D6AF /* Pods-YoonitFacefy.debug.xcconfig */,
				A37FE8A3AEA0D01515F88079 /* Pods-YoonitFacefy.release.xcconfig */,
			);
			path = Pods;
			sourceTree = "<group>";
		};
		A98BB533F39550100000CDED /* Frameworks */ = {
			isa = PBXGroup;
			children = (
				5C65787D25D32FB2001171F8 /* libGoogleDataTransport.a */,
				5C65787F25D32FB2001171F8 /* libGoogleToolboxForMac.a */,
				5C65788125D32FB2001171F8 /* libGoogleUtilities.a */,
				5C65788325D32FB2001171F8 /* libGoogleUtilitiesComponents.a */,
				5C65788525D32FB2001171F8 /* libGTMSessionFetcher.a */,
				5C65788725D32FB2001171F8 /* libnanopb.a */,
				5C65788B25D32FB2001171F8 /* libPromisesObjC.a */,
				5C65788D25D32FB2001171F8 /* libProtobuf.a */,
				F3337488FA2771304B32243A /* Pods_YoonitFacefy.framework */,
			);
			name = Frameworks;
			sourceTree = "<group>";
		};
/* End PBXGroup section */

/* Begin PBXHeadersBuildPhase section */
		6176EEF1252CF9D200F4D4DD /* Headers */ = {
			isa = PBXHeadersBuildPhase;
			buildActionMask = 2147483647;
			files = (
				5C5056FF260BA65A00286F91 /* YoonitFacefy.h in Headers */,
			);
			runOnlyForDeploymentPostprocessing = 0;
		};
/* End PBXHeadersBuildPhase section */

/* Begin PBXNativeTarget section */
		6176EEF5252CF9D200F4D4DD /* YoonitFacefy */ = {
			isa = PBXNativeTarget;
			buildConfigurationList = 6176EEFE252CF9D200F4D4DD /* Build configuration list for PBXNativeTarget "YoonitFacefy" */;
			buildPhases = (
				782F7E91CAEFCEEE2597C5EF /* [CP] Check Pods Manifest.lock */,
				6176EEF1252CF9D200F4D4DD /* Headers */,
				6176EEF2252CF9D200F4D4DD /* Sources */,
				6176EEF3252CF9D200F4D4DD /* Frameworks */,
				6176EEF4252CF9D200F4D4DD /* Resources */,
				AEBEE7EF4BAD74E4A9B8C748 /* [CP] Copy Pods Resources */,
			);
			buildRules = (
			);
			dependencies = (
			);
			name = YoonitFacefy;
			productName = YoonitFacefy;
			productReference = 6176EEF6252CF9D200F4D4DD /* YoonitFacefy.framework */;
			productType = "com.apple.product-type.framework";
		};
/* End PBXNativeTarget section */

/* Begin PBXProject section */
		6176EEED252CF9D200F4D4DD /* Project object */ = {
			isa = PBXProject;
			attributes = {
				LastUpgradeCheck = 1200;
				TargetAttributes = {
					6176EEF5252CF9D200F4D4DD = {
						CreatedOnToolsVersion = 12.0.1;
						LastSwiftMigration = 1220;
					};
				};
			};
			buildConfigurationList = 6176EEF0252CF9D200F4D4DD /* Build configuration list for PBXProject "YoonitFacefy" */;
			compatibilityVersion = "Xcode 9.3";
			developmentRegion = en;
			hasScannedForEncodings = 0;
			knownRegions = (
				en,
				Base,
			);
			mainGroup = 6176EEEC252CF9D200F4D4DD;
			productRefGroup = 6176EEF7252CF9D200F4D4DD /* Products */;
			projectDirPath = "";
			projectRoot = "";
			targets = (
				6176EEF5252CF9D200F4D4DD /* YoonitFacefy */,
			);
		};
/* End PBXProject section */

/* Begin PBXResourcesBuildPhase section */
		6176EEF4252CF9D200F4D4DD /* Resources */ = {
			isa = PBXResourcesBuildPhase;
			buildActionMask = 2147483647;
			files = (
				6176EF26252CFEE000F4D4DD /* README.md in Resources */,
				6176EF23252CFC9500F4D4DD /* LICENSE in Resources */,
				5C77937525EEABDF00CDE6E9 /* facefy.gif in Resources */,
				6176EF20252CFA4300F4D4DD /* YoonitFacefy.podspec in Resources */,
				5C687D3C272DDD540028D053 /* sponsor_cyberlabs.png in Resources */,
				5C0C64392542108B00EDF95B /* logo_cyberlabs.png in Resources */,
				6176EFA8252E476000F4D4DD /* Example in Resources */,
			);
			runOnlyForDeploymentPostprocessing = 0;
		};
/* End PBXResourcesBuildPhase section */

/* Begin PBXShellScriptBuildPhase section */
		782F7E91CAEFCEEE2597C5EF /* [CP] Check Pods Manifest.lock */ = {
			isa = PBXShellScriptBuildPhase;
			buildActionMask = 2147483647;
			files = (
			);
			inputFileListPaths = (
			);
			inputPaths = (
				"${PODS_PODFILE_DIR_PATH}/Podfile.lock",
				"${PODS_ROOT}/Manifest.lock",
			);
			name = "[CP] Check Pods Manifest.lock";
			outputFileListPaths = (
			);
			outputPaths = (
				"$(DERIVED_FILE_DIR)/Pods-YoonitFacefy-checkManifestLockResult.txt",
			);
			runOnlyForDeploymentPostprocessing = 0;
			shellPath = /bin/sh;
			shellScript = "diff \"${PODS_PODFILE_DIR_PATH}/Podfile.lock\" \"${PODS_ROOT}/Manifest.lock\" > /dev/null\nif [ $? != 0 ] ; then\n    # print error to STDERR\n    echo \"error: The sandbox is not in sync with the Podfile.lock. Run 'pod install' or update your CocoaPods installation.\" >&2\n    exit 1\nfi\n# This output is used by Xcode 'outputs' to avoid re-running this script phase.\necho \"SUCCESS\" > \"${SCRIPT_OUTPUT_FILE_0}\"\n";
			showEnvVarsInLog = 0;
		};
		AEBEE7EF4BAD74E4A9B8C748 /* [CP] Copy Pods Resources */ = {
			isa = PBXShellScriptBuildPhase;
			buildActionMask = 2147483647;
			files = (
			);
			inputFileListPaths = (
				"${PODS_ROOT}/Target Support Files/Pods-YoonitFacefy/Pods-YoonitFacefy-resources-${CONFIGURATION}-input-files.xcfilelist",
			);
			name = "[CP] Copy Pods Resources";
			outputFileListPaths = (
				"${PODS_ROOT}/Target Support Files/Pods-YoonitFacefy/Pods-YoonitFacefy-resources-${CONFIGURATION}-output-files.xcfilelist",
			);
			runOnlyForDeploymentPostprocessing = 0;
			shellPath = /bin/sh;
			shellScript = "\"${PODS_ROOT}/Target Support Files/Pods-YoonitFacefy/Pods-YoonitFacefy-resources.sh\"\n";
			showEnvVarsInLog = 0;
		};
/* End PBXShellScriptBuildPhase section */

/* Begin PBXSourcesBuildPhase section */
		6176EEF2252CF9D200F4D4DD /* Sources */ = {
			isa = PBXSourcesBuildPhase;
			buildActionMask = 2147483647;
			files = (
				5CB4F8F625CC7E63001D3606 /* FacefyController.swift in Sources */,
				5CD73DD625E5795A00DF4C6F /* FaceDetected.swift in Sources */,
				5C06E5CF25D1FED400E6770F /* Facefy.swift in Sources */,
			);
			runOnlyForDeploymentPostprocessing = 0;
		};
/* End PBXSourcesBuildPhase section */

/* Begin XCBuildConfiguration section */
		6176EEFC252CF9D200F4D4DD /* Debug */ = {
			isa = XCBuildConfiguration;
			buildSettings = {
				ALWAYS_SEARCH_USER_PATHS = NO;
				CLANG_ANALYZER_NONNULL = YES;
				CLANG_ANALYZER_NUMBER_OBJECT_CONVERSION = YES_AGGRESSIVE;
				CLANG_CXX_LANGUAGE_STANDARD = "gnu++14";
				CLANG_CXX_LIBRARY = "libc++";
				CLANG_ENABLE_MODULES = YES;
				CLANG_ENABLE_OBJC_ARC = YES;
				CLANG_ENABLE_OBJC_WEAK = YES;
				CLANG_WARN_BLOCK_CAPTURE_AUTORELEASING = YES;
				CLANG_WARN_BOOL_CONVERSION = YES;
				CLANG_WARN_COMMA = YES;
				CLANG_WARN_CONSTANT_CONVERSION = YES;
				CLANG_WARN_DEPRECATED_OBJC_IMPLEMENTATIONS = YES;
				CLANG_WARN_DIRECT_OBJC_ISA_USAGE = YES_ERROR;
				CLANG_WARN_DOCUMENTATION_COMMENTS = YES;
				CLANG_WARN_EMPTY_BODY = YES;
				CLANG_WARN_ENUM_CONVERSION = YES;
				CLANG_WARN_INFINITE_RECURSION = YES;
				CLANG_WARN_INT_CONVERSION = YES;
				CLANG_WARN_NON_LITERAL_NULL_CONVERSION = YES;
				CLANG_WARN_OBJC_IMPLICIT_RETAIN_SELF = YES;
				CLANG_WARN_OBJC_LITERAL_CONVERSION = YES;
				CLANG_WARN_OBJC_ROOT_CLASS = YES_ERROR;
				CLANG_WARN_QUOTED_INCLUDE_IN_FRAMEWORK_HEADER = YES;
				CLANG_WARN_RANGE_LOOP_ANALYSIS = YES;
				CLANG_WARN_STRICT_PROTOTYPES = YES;
				CLANG_WARN_SUSPICIOUS_MOVE = YES;
				CLANG_WARN_UNGUARDED_AVAILABILITY = YES_AGGRESSIVE;
				CLANG_WARN_UNREACHABLE_CODE = YES;
				CLANG_WARN__DUPLICATE_METHOD_MATCH = YES;
				COPY_PHASE_STRIP = NO;
				CURRENT_PROJECT_VERSION = 1;
				DEBUG_INFORMATION_FORMAT = dwarf;
				ENABLE_STRICT_OBJC_MSGSEND = YES;
				ENABLE_TESTABILITY = YES;
				GCC_C_LANGUAGE_STANDARD = gnu11;
				GCC_DYNAMIC_NO_PIC = NO;
				GCC_NO_COMMON_BLOCKS = YES;
				GCC_OPTIMIZATION_LEVEL = 0;
				GCC_PREPROCESSOR_DEFINITIONS = (
					"DEBUG=1",
					"$(inherited)",
				);
				GCC_WARN_64_TO_32_BIT_CONVERSION = YES;
				GCC_WARN_ABOUT_RETURN_TYPE = YES_ERROR;
				GCC_WARN_UNDECLARED_SELECTOR = YES;
				GCC_WARN_UNINITIALIZED_AUTOS = YES_AGGRESSIVE;
				GCC_WARN_UNUSED_FUNCTION = YES;
				GCC_WARN_UNUSED_VARIABLE = YES;
				IPHONEOS_DEPLOYMENT_TARGET = 13.7;
				MTL_ENABLE_DEBUG_INFO = INCLUDE_SOURCE;
				MTL_FAST_MATH = YES;
				ONLY_ACTIVE_ARCH = YES;
				SDKROOT = iphoneos;
				SWIFT_ACTIVE_COMPILATION_CONDITIONS = DEBUG;
				SWIFT_OPTIMIZATION_LEVEL = "-Onone";
				VERSIONING_SYSTEM = "apple-generic";
				VERSION_INFO_PREFIX = "";
			};
			name = Debug;
		};
		6176EEFD252CF9D200F4D4DD /* Release */ = {
			isa = XCBuildConfiguration;
			buildSettings = {
				ALWAYS_SEARCH_USER_PATHS = NO;
				CLANG_ANALYZER_NONNULL = YES;
				CLANG_ANALYZER_NUMBER_OBJECT_CONVERSION = YES_AGGRESSIVE;
				CLANG_CXX_LANGUAGE_STANDARD = "gnu++14";
				CLANG_CXX_LIBRARY = "libc++";
				CLANG_ENABLE_MODULES = YES;
				CLANG_ENABLE_OBJC_ARC = YES;
				CLANG_ENABLE_OBJC_WEAK = YES;
				CLANG_WARN_BLOCK_CAPTURE_AUTORELEASING = YES;
				CLANG_WARN_BOOL_CONVERSION = YES;
				CLANG_WARN_COMMA = YES;
				CLANG_WARN_CONSTANT_CONVERSION = YES;
				CLANG_WARN_DEPRECATED_OBJC_IMPLEMENTATIONS = YES;
				CLANG_WARN_DIRECT_OBJC_ISA_USAGE = YES_ERROR;
				CLANG_WARN_DOCUMENTATION_COMMENTS = YES;
				CLANG_WARN_EMPTY_BODY = YES;
				CLANG_WARN_ENUM_CONVERSION = YES;
				CLANG_WARN_INFINITE_RECURSION = YES;
				CLANG_WARN_INT_CONVERSION = YES;
				CLANG_WARN_NON_LITERAL_NULL_CONVERSION = YES;
				CLANG_WARN_OBJC_IMPLICIT_RETAIN_SELF = YES;
				CLANG_WARN_OBJC_LITERAL_CONVERSION = YES;
				CLANG_WARN_OBJC_ROOT_CLASS = YES_ERROR;
				CLANG_WARN_QUOTED_INCLUDE_IN_FRAMEWORK_HEADER = YES;
				CLANG_WARN_RANGE_LOOP_ANALYSIS = YES;
				CLANG_WARN_STRICT_PROTOTYPES = YES;
				CLANG_WARN_SUSPICIOUS_MOVE = YES;
				CLANG_WARN_UNGUARDED_AVAILABILITY = YES_AGGRESSIVE;
				CLANG_WARN_UNREACHABLE_CODE = YES;
				CLANG_WARN__DUPLICATE_METHOD_MATCH = YES;
				COPY_PHASE_STRIP = NO;
				CURRENT_PROJECT_VERSION = 1;
				DEBUG_INFORMATION_FORMAT = "dwarf-with-dsym";
				ENABLE_NS_ASSERTIONS = NO;
				ENABLE_STRICT_OBJC_MSGSEND = YES;
				GCC_C_LANGUAGE_STANDARD = gnu11;
				GCC_NO_COMMON_BLOCKS = YES;
				GCC_WARN_64_TO_32_BIT_CONVERSION = YES;
				GCC_WARN_ABOUT_RETURN_TYPE = YES_ERROR;
				GCC_WARN_UNDECLARED_SELECTOR = YES;
				GCC_WARN_UNINITIALIZED_AUTOS = YES_AGGRESSIVE;
				GCC_WARN_UNUSED_FUNCTION = YES;
				GCC_WARN_UNUSED_VARIABLE = YES;
				IPHONEOS_DEPLOYMENT_TARGET = 13.7;
				MTL_ENABLE_DEBUG_INFO = NO;
				MTL_FAST_MATH = YES;
				SDKROOT = iphoneos;
				SWIFT_COMPILATION_MODE = wholemodule;
				SWIFT_OPTIMIZATION_LEVEL = "-O";
				VALIDATE_PRODUCT = YES;
				VERSIONING_SYSTEM = "apple-generic";
				VERSION_INFO_PREFIX = "";
			};
			name = Release;
		};
		6176EEFF252CF9D200F4D4DD /* Debug */ = {
			isa = XCBuildConfiguration;
			baseConfigurationReference = BB8E59F606D4BD547CE4D6AF /* Pods-YoonitFacefy.debug.xcconfig */;
			buildSettings = {
				CLANG_ENABLE_MODULES = YES;
				CODE_SIGN_STYLE = Automatic;
				DEFINES_MODULE = YES;
				DEVELOPMENT_TEAM = "";
				DYLIB_COMPATIBILITY_VERSION = 1;
				DYLIB_CURRENT_VERSION = 1;
				DYLIB_INSTALL_NAME_BASE = "@rpath";
				INFOPLIST_FILE = "$(SRCROOT)/Info.plist";
				INSTALL_PATH = "$(LOCAL_LIBRARY_DIR)/Frameworks";
				IPHONEOS_DEPLOYMENT_TARGET = 12.1;
				LD_RUNPATH_SEARCH_PATHS = (
					"$(inherited)",
					"@executable_path/Frameworks",
					"@loader_path/Frameworks",
				);
				MARKETING_VERSION = 1.0.6;
				PRODUCT_BUNDLE_IDENTIFIER = com.yoonit.facefy;
				PRODUCT_NAME = "$(TARGET_NAME:c99extidentifier)";
				SKIP_INSTALL = YES;
				SUPPORTS_MACCATALYST = NO;
				SWIFT_OPTIMIZATION_LEVEL = "-Onone";
				SWIFT_VERSION = 5.0;
				TARGETED_DEVICE_FAMILY = "1,2";
			};
			name = Debug;
		};
		6176EF00252CF9D200F4D4DD /* Release */ = {
			isa = XCBuildConfiguration;
			baseConfigurationReference = A37FE8A3AEA0D01515F88079 /* Pods-YoonitFacefy.release.xcconfig */;
			buildSettings = {
				CLANG_ENABLE_MODULES = YES;
				CODE_SIGN_STYLE = Automatic;
				DEFINES_MODULE = YES;
				DEVELOPMENT_TEAM = "";
				DYLIB_COMPATIBILITY_VERSION = 1;
				DYLIB_CURRENT_VERSION = 1;
				DYLIB_INSTALL_NAME_BASE = "@rpath";
				INFOPLIST_FILE = "$(SRCROOT)/Info.plist";
				INSTALL_PATH = "$(LOCAL_LIBRARY_DIR)/Frameworks";
				IPHONEOS_DEPLOYMENT_TARGET = 12.1;
				LD_RUNPATH_SEARCH_PATHS = (
					"$(inherited)",
					"@executable_path/Frameworks",
					"@loader_path/Frameworks",
				);
				MARKETING_VERSION = 1.0.6;
				PRODUCT_BUNDLE_IDENTIFIER = com.yoonit.facefy;
				PRODUCT_NAME = "$(TARGET_NAME:c99extidentifier)";
				SKIP_INSTALL = YES;
				SUPPORTS_MACCATALYST = NO;
				SWIFT_VERSION = 5.0;
				TARGETED_DEVICE_FAMILY = "1,2";
			};
			name = Release;
		};
/* End XCBuildConfiguration section */

/* Begin XCConfigurationList section */
		6176EEF0252CF9D200F4D4DD /* Build configuration list for PBXProject "YoonitFacefy" */ = {
			isa = XCConfigurationList;
			buildConfigurations = (
				6176EEFC252CF9D200F4D4DD /* Debug */,
				6176EEFD252CF9D200F4D4DD /* Release */,
			);
			defaultConfigurationIsVisible = 0;
			defaultConfigurationName = Release;
		};
		6176EEFE252CF9D200F4D4DD /* Build configuration list for PBXNativeTarget "YoonitFacefy" */ = {
			isa = XCConfigurationList;
			buildConfigurations = (
				6176EEFF252CF9D200F4D4DD /* Debug */,
				6176EF00252CF9D200F4D4DD /* Release */,
			);
			defaultConfigurationIsVisible = 0;
			defaultConfigurationName = Release;
		};
/* End XCConfigurationList section */
	};
	rootObject = 6176EEED252CF9D200F4D4DD /* Project object */;
}
